<?xml version="1.0" encoding="utf-8"?>
<Project ToolsVersion="4.0" xmlns="http://schemas.microsoft.com/developer/msbuild/2003">
  <ItemGroup>
    <ClCompile Include="AssertActionManager.c" />
    <ClCompile Include="Debugger.c" />
  </ItemGroup>
  <ItemGroup>
    <ClInclude Include="AssertActionManager.h" />
    <ClInclude Include="Diagnostics.h" />
    <ClInclude Include="Platform.h" />
    <ClInclude Include="Debugger.h" />
    <ClInclude Include="IAR\Tchar.h">
      <Filter>IAR</Filter>
    </ClInclude>
    <ClInclude Include="WIN32\stdbool.h">
      <Filter>WIN32</Filter>
    </ClInclude>
    <ClInclude Include="WIN32\stdint.h">
      <Filter>WIN32</Filter>
    </ClInclude>
    <ClInclude Include="stdfloat.h" />
  </ItemGroup>
  <ItemGroup>
    <Filter Include="WIN32">
      <UniqueIdentifier>{fd5347ea-2824-4ad4-b132-42458e2c942d}</UniqueIdentifier>
    </Filter>
    <Filter Include="IAR">
      <UniqueIdentifier>{9c8046f6-3742-42ef-931c-86285bc6902b}</UniqueIdentifier>
    </Filter>
  </ItemGroup>
  <ItemGroup>
    <None Include="Imt.Base.Dff.Core.lnt" />
  </ItemGroup>
</Project>